PODS:
  - Flutter (1.0.0)
  - integration_test (0.0.1):
    - Flutter
  - smart_graph_toolkit (0.0.1):
    - Flutter

DEPENDENCIES:
  - Flutter (from `Flutter`)
  - integration_test (from `.symlinks/plugins/integration_test/ios`)
  - smart_graph_toolkit (from `.symlinks/plugins/smart_graph_toolkit/ios`)

EXTERNAL SOURCES:
  Flutter:
    :path: Flutter
  integration_test:
    :path: ".symlinks/plugins/integration_test/ios"
  smart_graph_toolkit:
    :path: ".symlinks/plugins/smart_graph_toolkit/ios"

SPEC CHECKSUMS:
  Flutter: e0871f40cf51350855a761d2e70bf5af5b9b5de7
  integration_test: 4a889634ef21a45d28d50d622cf412dc6d9f586e
  smart_graph_toolkit: 33147edabc0fe0f1db13ad383a6b62d00483b601

PODFILE CHECKSUM: 4305caec6b40dde0ae97be1573c53de1882a07e5

COCOAPODS: 1.16.2
